{
  "name": "npm-demo",
  "version": "1.0.0",
  "lockfileVersion": 1,
  "requires": true,
  "dependencies": {
    "@fualfie/easy-server": {
      "version": "1.5.1",
      "resolved": "https://registry.npmjs.org/@fualfie/easy-server/-/easy-server-1.5.1.tgz",
      "integrity": "sha512-npSkWGVvjdtgc5dRKUPpkywdUoN/YyjDzT5bPdagOQj9dkJhwI7xdHS3G0Od+gPVg6uYqDF62l9mc6g5ljuSwQ=="
    }
  }
}
