{
  "name": "npm-demo",
  "version": "1.0.0",
  "lockfileVersion": 1,
  "requires": true,
  "dependencies": {
    "@fualfie/easy-server": {
      "version": "1.7.7",
      "resolved": "https://registry.npmjs.org/@fualfie/easy-server/-/easy-server-1.7.7.tgz",
      "integrity": "sha512-Qe0MjSGq1MzNA0msAZzxkjyN0Tdy8rZmfYo6LarbSqNDAkaXcwssq+Rc0kCUovb9QneY7BWSahXrUZdPPGGe1g=="
    },
    "@fualfie/websocket-server": {
      "version": "1.1.4",
      "resolved": "https://registry.npmjs.org/@fualfie/websocket-server/-/websocket-server-1.1.4.tgz",
      "integrity": "sha512-RkV/wN4IxgWVGGic0ykHxFxRGuDzRbzlnTwh/6rq2PeKYiSRHCJm5iGGckt5Dmpg11UpQ4sYTpGKG3Zvc4wumg==",
      "requires": {
        "ws": "^7.3.1"
      }
    },
    "ws": {
      "version": "7.3.1",
      "resolved": "https://registry.npmjs.org/ws/-/ws-7.3.1.tgz",
      "integrity": "sha512-D3RuNkynyHmEJIpD2qrgVkc9DQ23OrN/moAwZX4L8DfvszsJxpjQuUq3LMx6HoYji9fbIOBY18XWBsAux1ZZUA=="
    }
  }
}
